
Microsoft Visual Studio Solution File, Format Version 12.00
# Visual Studio Version 17
VisualStudioVersion = 17.4.33213.308
MinimumVisualStudioVersion = 10.0.40219.1
Project("{FAE04EC0-301F-11D3-BF4B-00C04F79EFBC}") = "AkbilYonetimiVeriKatmani", "AkbilYonetimiVeriKatmani\AkbilYonetimiVeriKatmani.csproj", "{74BDF6B1-DB05-4A7A-86B5-D5274BAD7476}"
EndProject
Project("{FAE04EC0-301F-11D3-BF4B-00C04F79EFBC}") = "AkbilYonetimiIsKatmani", "AkbilYonetimiIsKatmani\AkbilYonetimiIsKatmani.csproj", "{EDF06AA0-B1E8-4A94-BDA7-44C9B2C5BC84}"
EndProject
Project("{9A19103F-16F7-4668-BE54-9A1E7A4F7556}") = "AkbilYonetimiUI", "AkbilYonetimiUI\AkbilYonetimiUI.csproj", "{7E7555D1-41C9-40F0-8606-2C6BD38DFB3F}"
EndProject
Global
	GlobalSection(SolutionConfigurationPlatforms) = preSolution
		Debug|Any CPU = Debug|Any CPU
		Release|Any CPU = Release|Any CPU
	EndGlobalSection
	GlobalSection(ProjectConfigurationPlatforms) = postSolution
		{74BDF6B1-DB05-4A7A-86B5-D5274BAD7476}.Debug|Any CPU.ActiveCfg = Debug|Any CPU
		{74BDF6B1-DB05-4A7A-86B5-D5274BAD7476}.Debug|Any CPU.Build.0 = Debug|Any CPU
		{74BDF6B1-DB05-4A7A-86B5-D5274BAD7476}.Release|Any CPU.ActiveCfg = Release|Any CPU
		{74BDF6B1-DB05-4A7A-86B5-D5274BAD7476}.Release|Any CPU.Build.0 = Release|Any CPU
		{EDF06AA0-B1E8-4A94-BDA7-44C9B2C5BC84}.Debug|Any CPU.ActiveCfg = Debug|Any CPU
		{EDF06AA0-B1E8-4A94-BDA7-44C9B2C5BC84}.Debug|Any CPU.Build.0 = Debug|Any CPU
		{EDF06AA0-B1E8-4A94-BDA7-44C9B2C5BC84}.Release|Any CPU.ActiveCfg = Release|Any CPU
		{EDF06AA0-B1E8-4A94-BDA7-44C9B2C5BC84}.Release|Any CPU.Build.0 = Release|Any CPU
		{7E7555D1-41C9-40F0-8606-2C6BD38DFB3F}.Debug|Any CPU.ActiveCfg = Debug|Any CPU
		{7E7555D1-41C9-40F0-8606-2C6BD38DFB3F}.Debug|Any CPU.Build.0 = Debug|Any CPU
		{7E7555D1-41C9-40F0-8606-2C6BD38DFB3F}.Release|Any CPU.ActiveCfg = Release|Any CPU
		{7E7555D1-41C9-40F0-8606-2C6BD38DFB3F}.Release|Any CPU.Build.0 = Release|Any CPU
	EndGlobalSection
	GlobalSection(SolutionProperties) = preSolution
		HideSolutionNode = FALSE
	EndGlobalSection
	GlobalSection(ExtensibilityGlobals) = postSolution
		SolutionGuid = {E0CEA8B0-9FCF-4A7F-AA4A-08566A7B6D83}
	EndGlobalSection
EndGlobal
